
Microsoft Visual Studio Solution File, Format Version 12.00
# Visual Studio Version 17
VisualStudioVersion = 17.5.002.0
MinimumVisualStudioVersion = 10.0.40219.1
Project("{9A19103F-16F7-4668-BE54-9A1E7A4F7556}") = "primer-programa", "primer-programa\primer-programa.csproj", "{1524AFAD-F918-4E60-9FA0-D7C88CD2761A}"
EndProject
Project("{2150E333-8FDC-42A3-9474-1A3956D46DE8}") = "Examen", "Examen", "{03BD50ED-7E89-4DAE-AA86-1A88E8DE6068}"
EndProject
Project("{9A19103F-16F7-4668-BE54-9A1E7A4F7556}") = "examen1", "Examen\examen1\examen1.csproj", "{E24D173D-C4DB-4752-B822-9562E0AB9FD5}"
EndProject
Project("{2150E333-8FDC-42A3-9474-1A3956D46DE8}") = "primer-programa (1)", "primer-programa", "{56B55717-1005-4A8F-9EA2-6B0070A47D8F}"
EndProject
Project("{9A19103F-16F7-4668-BE54-9A1E7A4F7556}") = "2ejercicio2", "primer-programa\2ejercicio2\2ejercicio2.csproj", "{48913621-F281-4466-9B3C-D8A2730DAE21}"
EndProject
Project("{9A19103F-16F7-4668-BE54-9A1E7A4F7556}") = "actividad-cinco", "primer-programa\actividad-cinco\actividad-cinco.csproj", "{D8D5254D-565E-41A9-9F9A-152A7B0F6410}"
EndProject
Project("{9A19103F-16F7-4668-BE54-9A1E7A4F7556}") = "actividad-cuatro", "primer-programa\actividad-cuatro\actividad-cuatro.csproj", "{93445D32-ADF0-4D56-987C-9631F39BECFE}"
EndProject
Project("{9A19103F-16F7-4668-BE54-9A1E7A4F7556}") = "actividad-tres", "primer-programa\actividad-tres\actividad-tres.csproj", "{4D4A1C45-B65A-412C-81C6-CF3065910EA1}"
EndProject
Project("{9A19103F-16F7-4668-BE54-9A1E7A4F7556}") = "calculadora", "primer-programa\calculadora\calculadora.csproj", "{AD00950E-B48E-41D4-8398-16EC0CC78B96}"
EndProject
Project("{2150E333-8FDC-42A3-9474-1A3956D46DE8}") = "Unidad3", "Unidad3", "{4103DD9D-FAC4-47D9-9933-CD1E4A0CA6FE}"
EndProject
Project("{9A19103F-16F7-4668-BE54-9A1E7A4F7556}") = "Condicionales1", "Unidad3\Condicionales1\Condicionales1.csproj", "{AF72F77C-4AB0-4F6E-BAE9-522C7AA640AC}"
EndProject
Project("{9A19103F-16F7-4668-BE54-9A1E7A4F7556}") = "Condicionales2", "Unidad3\Condicionales2\Condicionales2.csproj", "{B3FED4E9-847B-4379-B519-CCA6B5F833E8}"
EndProject
Project("{9A19103F-16F7-4668-BE54-9A1E7A4F7556}") = "Condicionales3", "Unidad3\Condicionales3\Condicionales3.csproj", "{A36016AC-2BEF-4E7D-8866-64646B22FBE8}"
EndProject
Project("{9A19103F-16F7-4668-BE54-9A1E7A4F7556}") = "Condicionales3maxi", "Unidad3\Condicionales3maxi\Condicionales3maxi.csproj", "{A0AAA2B4-C6B8-4465-AC02-753F3C7AD923}"
EndProject
Project("{9A19103F-16F7-4668-BE54-9A1E7A4F7556}") = "Condicionales4", "Unidad3\Condicionales4\Condicionales4.csproj", "{5AF6FCA8-DD36-481A-B997-CC8FCFD72E39}"
EndProject
Project("{9A19103F-16F7-4668-BE54-9A1E7A4F7556}") = "Condicionales4maxi", "Unidad3\Condicionales4maxi\Condicionales4maxi.csproj", "{6D551219-34F8-4C37-A56E-633D2F0E0374}"
EndProject
Project("{9A19103F-16F7-4668-BE54-9A1E7A4F7556}") = "Condicionales5", "Unidad3\Condicionales5\Condicionales5.csproj", "{A5481851-85F3-43C9-A833-37360767A947}"
EndProject
Project("{9A19103F-16F7-4668-BE54-9A1E7A4F7556}") = "Condicionales5maxi", "Unidad3\Condicionales5maxi\Condicionales5maxi.csproj", "{7EF2D953-AE24-4991-B46F-EEECFBA764D4}"
EndProject
Project("{9A19103F-16F7-4668-BE54-9A1E7A4F7556}") = "ejercicio1", "Unidad3\ejercicio1\ejercicio1.csproj", "{1E1438F7-950D-433C-88D9-2EF7AAFD9BF7}"
EndProject
Project("{9A19103F-16F7-4668-BE54-9A1E7A4F7556}") = "ejercicio2", "Unidad3\ejercicio2\ejercicio2.csproj", "{1ADF1A8A-4833-482B-82DC-F8ADE8E06FFE}"
EndProject
Project("{2150E333-8FDC-42A3-9474-1A3956D46DE8}") = "Unidad4", "Unidad4", "{64915964-3A30-4074-BB4D-57196751B0E1}"
EndProject
Project("{9A19103F-16F7-4668-BE54-9A1E7A4F7556}") = "Condicionales11", "Unidad4\Condicionales11\Condicionales11.csproj", "{0B9539CB-5AE2-4C4B-92F7-4B934570340D}"
EndProject
Project("{9A19103F-16F7-4668-BE54-9A1E7A4F7556}") = "Condicionales12", "Unidad4\Condicionales12\Condicionales12.csproj", "{53595EF6-367F-4A7F-9497-3394435B4893}"
EndProject
Project("{9A19103F-16F7-4668-BE54-9A1E7A4F7556}") = "Condicionales12mmaxi", "Unidad4\Condicionales12mmaxi\Condicionales12mmaxi.csproj", "{6FD59C64-7C52-4DD4-80E3-4E1CA6FA6735}"
EndProject
Project("{9A19103F-16F7-4668-BE54-9A1E7A4F7556}") = "Condicionales13", "Unidad4\Condicionales13\Condicionales13.csproj", "{3761C510-4B52-4D84-B02B-7AC3C859016A}"
EndProject
Project("{9A19103F-16F7-4668-BE54-9A1E7A4F7556}") = "Condicionales13maxi", "Unidad4\Condicionales13maxi\Condicionales13maxi.csproj", "{98D6F17D-EB87-4BBB-B246-6FC412E47BA1}"
EndProject
Project("{9A19103F-16F7-4668-BE54-9A1E7A4F7556}") = "Condicionales14", "Unidad4\Condicionales14\Condicionales14.csproj", "{399E84AD-6FB4-4AC4-A114-421F8024D2BF}"
EndProject
Project("{9A19103F-16F7-4668-BE54-9A1E7A4F7556}") = "Condicionales15", "Unidad4\Condicionales15\Condicionales15.csproj", "{04FC5110-9702-44BB-A70F-C6CFD9A20EAA}"
EndProject
Project("{9A19103F-16F7-4668-BE54-9A1E7A4F7556}") = "ejemploANDyOR", "Unidad4\ejemploANDyOR\ejemploANDyOR.csproj", "{DB46BAD8-0DB0-48E1-A784-4452B4BD0293}"
EndProject
Project("{9A19103F-16F7-4668-BE54-9A1E7A4F7556}") = "ejemploSwicth", "Unidad4\ejemploSwicth\ejemploSwicth.csproj", "{C2FE2182-55D4-4A60-91B8-F6509ED18407}"
EndProject
Project("{2150E333-8FDC-42A3-9474-1A3956D46DE8}") = "Unidad5", "Unidad5", "{8305E8B6-D95B-4A5B-BA09-37998823557E}"
EndProject
Project("{9A19103F-16F7-4668-BE54-9A1E7A4F7556}") = "ciclofor1", "Unidad5\ciclofor1\ciclofor1.csproj", "{2E6856BF-C021-497A-A4B9-CAE607526D33}"
EndProject
Project("{9A19103F-16F7-4668-BE54-9A1E7A4F7556}") = "ciclofor2", "Unidad5\ciclofor2\ciclofor2.csproj", "{521E0973-6B1C-4184-980D-A28225844601}"
EndProject
Project("{9A19103F-16F7-4668-BE54-9A1E7A4F7556}") = "ciclofor3", "Unidad5\ciclofor3\ciclofor3.csproj", "{A095CBA3-890A-469A-9874-B3CCE300441C}"
EndProject
Project("{9A19103F-16F7-4668-BE54-9A1E7A4F7556}") = "ciclofor4", "Unidad5\ciclofor4\ciclofor4.csproj", "{6E01621E-2E11-4DFD-B6B5-E95287FA9B52}"
EndProject
Project("{9A19103F-16F7-4668-BE54-9A1E7A4F7556}") = "ciclofor5", "Unidad5\ciclofor5\ciclofor5.csproj", "{E7C246CC-594A-416B-8989-8AE115B0D9ED}"
EndProject
Project("{9A19103F-16F7-4668-BE54-9A1E7A4F7556}") = "cicloforejemplo", "Unidad5\cicloforejemplo\cicloforejemplo.csproj", "{884CFD47-3E90-428C-B01B-F0D0E01744BC}"
EndProject
Project("{9A19103F-16F7-4668-BE54-9A1E7A4F7556}") = "cicloformaxi", "Unidad5\cicloformaxi2\cicloformaxi.csproj", "{49F63E62-44CF-43AC-96B0-A448836F6D46}"
EndProject
Project("{9A19103F-16F7-4668-BE54-9A1E7A4F7556}") = "cicloformaxi3", "Unidad5\cicloformaxi3\cicloformaxi3.csproj", "{80C05993-16AD-4004-9F7B-083E1A527660}"
EndProject
Project("{9A19103F-16F7-4668-BE54-9A1E7A4F7556}") = "cicloformaxi4", "Unidad5\cicloformaxi4\cicloformaxi4.csproj", "{23E84816-CE46-450E-9C44-2D28946C0665}"
EndProject
Project("{9A19103F-16F7-4668-BE54-9A1E7A4F7556}") = "cicloformaxi5", "Unidad5\cicloformaxi5\cicloformaxi5.csproj", "{1A8E8947-8792-4D80-8045-82A7AD4E4E5C}"
EndProject
Project("{9A19103F-16F7-4668-BE54-9A1E7A4F7556}") = "cicloformaxi51", "Unidad5\cicloformaxi51\cicloformaxi51.csproj", "{F09F946B-7726-43F2-99CA-39DE1AF15D59}"
EndProject
Project("{9A19103F-16F7-4668-BE54-9A1E7A4F7556}") = "ciclowhile1", "Unidad5\ciclowhile1\ciclowhile1.csproj", "{41F59851-1EE6-493B-9A2D-A6482F6CF028}"
EndProject
Project("{9A19103F-16F7-4668-BE54-9A1E7A4F7556}") = "ciclowhile2", "Unidad5\ciclowhile2\ciclowhile2.csproj", "{683A3E17-8DE7-482A-8CF1-213B2974EEBA}"
EndProject
Project("{9A19103F-16F7-4668-BE54-9A1E7A4F7556}") = "ciclowhile3", "Unidad5\ciclowhile3\ciclowhile3.csproj", "{0AA12DE2-41F0-4512-B0B2-2D0E592B4AB2}"
EndProject
Project("{9A19103F-16F7-4668-BE54-9A1E7A4F7556}") = "ciclowhile4", "Unidad5\ciclowhile4\ciclowhile4.csproj", "{B8CF2ECE-5A69-45C7-AD12-A3FB924698D2}"
EndProject
Project("{9A19103F-16F7-4668-BE54-9A1E7A4F7556}") = "ejemplodowhile", "Unidad5\ejemplodowhile\ejemplodowhile.csproj", "{54439419-A7FE-4847-B175-84216CF17804}"
EndProject
Project("{9A19103F-16F7-4668-BE54-9A1E7A4F7556}") = "ejemplowhile", "Unidad5\ejemplowhile\ejemplowhile.csproj", "{7BA6AEBF-310D-43D4-BB58-9855CA07A73F}"
EndProject
Project("{9A19103F-16F7-4668-BE54-9A1E7A4F7556}") = "forr", "Unidad5\forr\forr.csproj", "{7CC947D2-3D7E-4C7B-BF59-DC750BB32F4F}"
EndProject
Project("{2150E333-8FDC-42A3-9474-1A3956D46DE8}") = "Unidad6", "Unidad6", "{411708E8-4BB6-4144-9775-3FAA426D8219}"
EndProject
Project("{9A19103F-16F7-4668-BE54-9A1E7A4F7556}") = "ciclocom1", "Unidad6\ciclocom1\ciclocom1.csproj", "{DA00D313-C038-4A89-87C8-3D362A5B7620}"
EndProject
Project("{9A19103F-16F7-4668-BE54-9A1E7A4F7556}") = "ciclocom2", "Unidad6\ciclocom2\ciclocom2.csproj", "{B4EF819D-6C7E-4342-AA63-0F8F2B595626}"
EndProject
Project("{9A19103F-16F7-4668-BE54-9A1E7A4F7556}") = "ciclocom3", "Unidad6\ciclocom3\ciclocom3.csproj", "{8F244574-95F6-4D8D-8FB5-66D77785574A}"
EndProject
Project("{9A19103F-16F7-4668-BE54-9A1E7A4F7556}") = "ciclocomej1", "Unidad6\ciclocomej1\ciclocomej1.csproj", "{01DA7916-37A4-4C9A-8C3E-DB542B060298}"
EndProject
Project("{9A19103F-16F7-4668-BE54-9A1E7A4F7556}") = "ciclocommaxi1", "Unidad6\ciclocommaxi1\ciclocommaxi1.csproj", "{A37D7BF3-B4B9-46D9-BC17-A3B88B2E3785}"
EndProject
Project("{9A19103F-16F7-4668-BE54-9A1E7A4F7556}") = "ciclocommaxi2", "Unidad6\ciclocommaxi2\ciclocommaxi2.csproj", "{74309385-5764-4C96-ABFF-7511DF761957}"
EndProject
Project("{9A19103F-16F7-4668-BE54-9A1E7A4F7556}") = "ciclocommaxi3", "Unidad6\ciclocommaxi3\ciclocommaxi3.csproj", "{930ABFF1-440C-47D6-A7D6-2BDE0AD3FB7B}"
EndProject
Project("{9A19103F-16F7-4668-BE54-9A1E7A4F7556}") = "CortedeControl", "Unidad6\CortedeControl\CortedeControl.csproj", "{38ECED94-F0EF-4964-A50C-0ED6F3EC0AAE}"
EndProject
Project("{2150E333-8FDC-42A3-9474-1A3956D46DE8}") = "Unidad7", "Unidad7", "{64B8C66B-F40A-4C9E-BB23-6FC5DA296D6F}"
EndProject
Project("{9A19103F-16F7-4668-BE54-9A1E7A4F7556}") = "cadenaCaracteres", "Unidad7\cadenaCaracteres\cadenaCaracteres.csproj", "{C0F51B90-D137-4EA5-B772-2DC9E7159835}"
EndProject
Project("{9A19103F-16F7-4668-BE54-9A1E7A4F7556}") = "cadenaejCHATGPT", "Unidad7\cadenaejCHATGPT\cadenaejCHATGPT.csproj", "{B3B1A814-D543-418E-9389-A3C08FCBB9B9}"
EndProject
Project("{9A19103F-16F7-4668-BE54-9A1E7A4F7556}") = "mivector", "Unidad7\mivector\mivector.csproj", "{A82EB9B5-AF96-4A4E-8701-661753719EB7}"
EndProject
Project("{9A19103F-16F7-4668-BE54-9A1E7A4F7556}") = "vec1", "Unidad7\VEC1\vec1.csproj", "{03E41328-7AC1-45B1-A388-C03AC27F7AC9}"
EndProject
Project("{9A19103F-16F7-4668-BE54-9A1E7A4F7556}") = "VEC1MAXI", "Unidad7\VEC1MAXI\VEC1MAXI.csproj", "{548421E8-A7EC-46E5-81C0-C29AB962AEA6}"
EndProject
Project("{9A19103F-16F7-4668-BE54-9A1E7A4F7556}") = "VEC2", "Unidad7\VEC2\VEC2.csproj", "{5962BF73-F81E-459D-BC42-4194952CEA59}"
EndProject
Project("{9A19103F-16F7-4668-BE54-9A1E7A4F7556}") = "VEC2MAXI", "Unidad7\VEC2MAXI\VEC2MAXI.csproj", "{F5948044-3DFA-4F3A-94E7-10061CCEFE96}"
EndProject
Project("{9A19103F-16F7-4668-BE54-9A1E7A4F7556}") = "VEC3MAXI", "Unidad7\VEC3MAXI\VEC3MAXI.csproj", "{3B2B8CCA-EF16-4EBC-AF79-7DDE4FC6B84D}"
EndProject
Project("{9A19103F-16F7-4668-BE54-9A1E7A4F7556}") = "vecbool", "Unidad7\vecbool\vecbool.csproj", "{EED2354E-9806-4685-AF77-EBBA52512A54}"
EndProject
Project("{9A19103F-16F7-4668-BE54-9A1E7A4F7556}") = "vecburbuja", "Unidad7\vecburbuja\vecburbuja.csproj", "{B78230CA-F255-4517-9E37-26B863041686}"
EndProject
Project("{9A19103F-16F7-4668-BE54-9A1E7A4F7556}") = "vecDouble", "Unidad7\vecDouble\vecDouble.csproj", "{39554B4C-412D-411B-A643-380C0D225C0A}"
EndProject
Project("{9A19103F-16F7-4668-BE54-9A1E7A4F7556}") = "vecejemplo1", "Unidad7\vecejemplo1\vecejemplo1.csproj", "{33C9117F-205E-4AAD-83D3-A6C44796977F}"
EndProject
Project("{2150E333-8FDC-42A3-9474-1A3956D46DE8}") = "Unidad8", "Unidad8", "{199DDBE4-BFEC-486A-840F-ACC32137258A}"
EndProject
Project("{9A19103F-16F7-4668-BE54-9A1E7A4F7556}") = "FuncionSuma", "Unidad8\FuncionSuma\FuncionSuma.csproj", "{279CBF7D-286E-42D7-93F9-80CE67F09B7C}"
EndProject
Project("{9A19103F-16F7-4668-BE54-9A1E7A4F7556}") = "IntroFuncion", "Unidad8\IntroFuncion\IntroFuncion.csproj", "{0E3EEA00-B2FE-4342-8FA5-8F385F79DF5D}"
EndProject
Global
	GlobalSection(SolutionConfigurationPlatforms) = preSolution
		Debug|Any CPU = Debug|Any CPU
		Release|Any CPU = Release|Any CPU
	EndGlobalSection
	GlobalSection(ProjectConfigurationPlatforms) = postSolution
		{1524AFAD-F918-4E60-9FA0-D7C88CD2761A}.Debug|Any CPU.ActiveCfg = Debug|Any CPU
		{1524AFAD-F918-4E60-9FA0-D7C88CD2761A}.Debug|Any CPU.Build.0 = Debug|Any CPU
		{1524AFAD-F918-4E60-9FA0-D7C88CD2761A}.Release|Any CPU.ActiveCfg = Release|Any CPU
		{1524AFAD-F918-4E60-9FA0-D7C88CD2761A}.Release|Any CPU.Build.0 = Release|Any CPU
		{E24D173D-C4DB-4752-B822-9562E0AB9FD5}.Debug|Any CPU.ActiveCfg = Debug|Any CPU
		{E24D173D-C4DB-4752-B822-9562E0AB9FD5}.Debug|Any CPU.Build.0 = Debug|Any CPU
		{E24D173D-C4DB-4752-B822-9562E0AB9FD5}.Release|Any CPU.ActiveCfg = Release|Any CPU
		{E24D173D-C4DB-4752-B822-9562E0AB9FD5}.Release|Any CPU.Build.0 = Release|Any CPU
		{48913621-F281-4466-9B3C-D8A2730DAE21}.Debug|Any CPU.ActiveCfg = Debug|Any CPU
		{48913621-F281-4466-9B3C-D8A2730DAE21}.Debug|Any CPU.Build.0 = Debug|Any CPU
		{48913621-F281-4466-9B3C-D8A2730DAE21}.Release|Any CPU.ActiveCfg = Release|Any CPU
		{48913621-F281-4466-9B3C-D8A2730DAE21}.Release|Any CPU.Build.0 = Release|Any CPU
		{D8D5254D-565E-41A9-9F9A-152A7B0F6410}.Debug|Any CPU.ActiveCfg = Debug|Any CPU
		{D8D5254D-565E-41A9-9F9A-152A7B0F6410}.Debug|Any CPU.Build.0 = Debug|Any CPU
		{D8D5254D-565E-41A9-9F9A-152A7B0F6410}.Release|Any CPU.ActiveCfg = Release|Any CPU
		{D8D5254D-565E-41A9-9F9A-152A7B0F6410}.Release|Any CPU.Build.0 = Release|Any CPU
		{93445D32-ADF0-4D56-987C-9631F39BECFE}.Debug|Any CPU.ActiveCfg = Debug|Any CPU
		{93445D32-ADF0-4D56-987C-9631F39BECFE}.Debug|Any CPU.Build.0 = Debug|Any CPU
		{93445D32-ADF0-4D56-987C-9631F39BECFE}.Release|Any CPU.ActiveCfg = Release|Any CPU
		{93445D32-ADF0-4D56-987C-9631F39BECFE}.Release|Any CPU.Build.0 = Release|Any CPU
		{4D4A1C45-B65A-412C-81C6-CF3065910EA1}.Debug|Any CPU.ActiveCfg = Debug|Any CPU
		{4D4A1C45-B65A-412C-81C6-CF3065910EA1}.Debug|Any CPU.Build.0 = Debug|Any CPU
		{4D4A1C45-B65A-412C-81C6-CF3065910EA1}.Release|Any CPU.ActiveCfg = Release|Any CPU
		{4D4A1C45-B65A-412C-81C6-CF3065910EA1}.Release|Any CPU.Build.0 = Release|Any CPU
		{AD00950E-B48E-41D4-8398-16EC0CC78B96}.Debug|Any CPU.ActiveCfg = Debug|Any CPU
		{AD00950E-B48E-41D4-8398-16EC0CC78B96}.Debug|Any CPU.Build.0 = Debug|Any CPU
		{AD00950E-B48E-41D4-8398-16EC0CC78B96}.Release|Any CPU.ActiveCfg = Release|Any CPU
		{AD00950E-B48E-41D4-8398-16EC0CC78B96}.Release|Any CPU.Build.0 = Release|Any CPU
		{AF72F77C-4AB0-4F6E-BAE9-522C7AA640AC}.Debug|Any CPU.ActiveCfg = Debug|Any CPU
		{AF72F77C-4AB0-4F6E-BAE9-522C7AA640AC}.Debug|Any CPU.Build.0 = Debug|Any CPU
		{AF72F77C-4AB0-4F6E-BAE9-522C7AA640AC}.Release|Any CPU.ActiveCfg = Release|Any CPU
		{AF72F77C-4AB0-4F6E-BAE9-522C7AA640AC}.Release|Any CPU.Build.0 = Release|Any CPU
		{B3FED4E9-847B-4379-B519-CCA6B5F833E8}.Debug|Any CPU.ActiveCfg = Debug|Any CPU
		{B3FED4E9-847B-4379-B519-CCA6B5F833E8}.Debug|Any CPU.Build.0 = Debug|Any CPU
		{B3FED4E9-847B-4379-B519-CCA6B5F833E8}.Release|Any CPU.ActiveCfg = Release|Any CPU
		{B3FED4E9-847B-4379-B519-CCA6B5F833E8}.Release|Any CPU.Build.0 = Release|Any CPU
		{A36016AC-2BEF-4E7D-8866-64646B22FBE8}.Debug|Any CPU.ActiveCfg = Debug|Any CPU
		{A36016AC-2BEF-4E7D-8866-64646B22FBE8}.Debug|Any CPU.Build.0 = Debug|Any CPU
		{A36016AC-2BEF-4E7D-8866-64646B22FBE8}.Release|Any CPU.ActiveCfg = Release|Any CPU
		{A36016AC-2BEF-4E7D-8866-64646B22FBE8}.Release|Any CPU.Build.0 = Release|Any CPU
		{A0AAA2B4-C6B8-4465-AC02-753F3C7AD923}.Debug|Any CPU.ActiveCfg = Debug|Any CPU
		{A0AAA2B4-C6B8-4465-AC02-753F3C7AD923}.Debug|Any CPU.Build.0 = Debug|Any CPU
		{A0AAA2B4-C6B8-4465-AC02-753F3C7AD923}.Release|Any CPU.ActiveCfg = Release|Any CPU
		{A0AAA2B4-C6B8-4465-AC02-753F3C7AD923}.Release|Any CPU.Build.0 = Release|Any CPU
		{5AF6FCA8-DD36-481A-B997-CC8FCFD72E39}.Debug|Any CPU.ActiveCfg = Debug|Any CPU
		{5AF6FCA8-DD36-481A-B997-CC8FCFD72E39}.Debug|Any CPU.Build.0 = Debug|Any CPU
		{5AF6FCA8-DD36-481A-B997-CC8FCFD72E39}.Release|Any CPU.ActiveCfg = Release|Any CPU
		{5AF6FCA8-DD36-481A-B997-CC8FCFD72E39}.Release|Any CPU.Build.0 = Release|Any CPU
		{6D551219-34F8-4C37-A56E-633D2F0E0374}.Debug|Any CPU.ActiveCfg = Debug|Any CPU
		{6D551219-34F8-4C37-A56E-633D2F0E0374}.Debug|Any CPU.Build.0 = Debug|Any CPU
		{6D551219-34F8-4C37-A56E-633D2F0E0374}.Release|Any CPU.ActiveCfg = Release|Any CPU
		{6D551219-34F8-4C37-A56E-633D2F0E0374}.Release|Any CPU.Build.0 = Release|Any CPU
		{A5481851-85F3-43C9-A833-37360767A947}.Debug|Any CPU.ActiveCfg = Debug|Any CPU
		{A5481851-85F3-43C9-A833-37360767A947}.Debug|Any CPU.Build.0 = Debug|Any CPU
		{A5481851-85F3-43C9-A833-37360767A947}.Release|Any CPU.ActiveCfg = Release|Any CPU
		{A5481851-85F3-43C9-A833-37360767A947}.Release|Any CPU.Build.0 = Release|Any CPU
		{7EF2D953-AE24-4991-B46F-EEECFBA764D4}.Debug|Any CPU.ActiveCfg = Debug|Any CPU
		{7EF2D953-AE24-4991-B46F-EEECFBA764D4}.Debug|Any CPU.Build.0 = Debug|Any CPU
		{7EF2D953-AE24-4991-B46F-EEECFBA764D4}.Release|Any CPU.ActiveCfg = Release|Any CPU
		{7EF2D953-AE24-4991-B46F-EEECFBA764D4}.Release|Any CPU.Build.0 = Release|Any CPU
		{1E1438F7-950D-433C-88D9-2EF7AAFD9BF7}.Debug|Any CPU.ActiveCfg = Debug|Any CPU
		{1E1438F7-950D-433C-88D9-2EF7AAFD9BF7}.Debug|Any CPU.Build.0 = Debug|Any CPU
		{1E1438F7-950D-433C-88D9-2EF7AAFD9BF7}.Release|Any CPU.ActiveCfg = Release|Any CPU
		{1E1438F7-950D-433C-88D9-2EF7AAFD9BF7}.Release|Any CPU.Build.0 = Release|Any CPU
		{1ADF1A8A-4833-482B-82DC-F8ADE8E06FFE}.Debug|Any CPU.ActiveCfg = Debug|Any CPU
		{1ADF1A8A-4833-482B-82DC-F8ADE8E06FFE}.Debug|Any CPU.Build.0 = Debug|Any CPU
		{1ADF1A8A-4833-482B-82DC-F8ADE8E06FFE}.Release|Any CPU.ActiveCfg = Release|Any CPU
		{1ADF1A8A-4833-482B-82DC-F8ADE8E06FFE}.Release|Any CPU.Build.0 = Release|Any CPU
		{0B9539CB-5AE2-4C4B-92F7-4B934570340D}.Debug|Any CPU.ActiveCfg = Debug|Any CPU
		{0B9539CB-5AE2-4C4B-92F7-4B934570340D}.Debug|Any CPU.Build.0 = Debug|Any CPU
		{0B9539CB-5AE2-4C4B-92F7-4B934570340D}.Release|Any CPU.ActiveCfg = Release|Any CPU
		{0B9539CB-5AE2-4C4B-92F7-4B934570340D}.Release|Any CPU.Build.0 = Release|Any CPU
		{53595EF6-367F-4A7F-9497-3394435B4893}.Debug|Any CPU.ActiveCfg = Debug|Any CPU
		{53595EF6-367F-4A7F-9497-3394435B4893}.Debug|Any CPU.Build.0 = Debug|Any CPU
		{53595EF6-367F-4A7F-9497-3394435B4893}.Release|Any CPU.ActiveCfg = Release|Any CPU
		{53595EF6-367F-4A7F-9497-3394435B4893}.Release|Any CPU.Build.0 = Release|Any CPU
		{6FD59C64-7C52-4DD4-80E3-4E1CA6FA6735}.Debug|Any CPU.ActiveCfg = Debug|Any CPU
		{6FD59C64-7C52-4DD4-80E3-4E1CA6FA6735}.Debug|Any CPU.Build.0 = Debug|Any CPU
		{6FD59C64-7C52-4DD4-80E3-4E1CA6FA6735}.Release|Any CPU.ActiveCfg = Release|Any CPU
		{6FD59C64-7C52-4DD4-80E3-4E1CA6FA6735}.Release|Any CPU.Build.0 = Release|Any CPU
		{3761C510-4B52-4D84-B02B-7AC3C859016A}.Debug|Any CPU.ActiveCfg = Debug|Any CPU
		{3761C510-4B52-4D84-B02B-7AC3C859016A}.Debug|Any CPU.Build.0 = Debug|Any CPU
		{3761C510-4B52-4D84-B02B-7AC3C859016A}.Release|Any CPU.ActiveCfg = Release|Any CPU
		{3761C510-4B52-4D84-B02B-7AC3C859016A}.Release|Any CPU.Build.0 = Release|Any CPU
		{98D6F17D-EB87-4BBB-B246-6FC412E47BA1}.Debug|Any CPU.ActiveCfg = Debug|Any CPU
		{98D6F17D-EB87-4BBB-B246-6FC412E47BA1}.Debug|Any CPU.Build.0 = Debug|Any CPU
		{98D6F17D-EB87-4BBB-B246-6FC412E47BA1}.Release|Any CPU.ActiveCfg = Release|Any CPU
		{98D6F17D-EB87-4BBB-B246-6FC412E47BA1}.Release|Any CPU.Build.0 = Release|Any CPU
		{399E84AD-6FB4-4AC4-A114-421F8024D2BF}.Debug|Any CPU.ActiveCfg = Debug|Any CPU
		{399E84AD-6FB4-4AC4-A114-421F8024D2BF}.Debug|Any CPU.Build.0 = Debug|Any CPU
		{399E84AD-6FB4-4AC4-A114-421F8024D2BF}.Release|Any CPU.ActiveCfg = Release|Any CPU
		{399E84AD-6FB4-4AC4-A114-421F8024D2BF}.Release|Any CPU.Build.0 = Release|Any CPU
		{04FC5110-9702-44BB-A70F-C6CFD9A20EAA}.Debug|Any CPU.ActiveCfg = Debug|Any CPU
		{04FC5110-9702-44BB-A70F-C6CFD9A20EAA}.Debug|Any CPU.Build.0 = Debug|Any CPU
		{04FC5110-9702-44BB-A70F-C6CFD9A20EAA}.Release|Any CPU.ActiveCfg = Release|Any CPU
		{04FC5110-9702-44BB-A70F-C6CFD9A20EAA}.Release|Any CPU.Build.0 = Release|Any CPU
		{DB46BAD8-0DB0-48E1-A784-4452B4BD0293}.Debug|Any CPU.ActiveCfg = Debug|Any CPU
		{DB46BAD8-0DB0-48E1-A784-4452B4BD0293}.Debug|Any CPU.Build.0 = Debug|Any CPU
		{DB46BAD8-0DB0-48E1-A784-4452B4BD0293}.Release|Any CPU.ActiveCfg = Release|Any CPU
		{DB46BAD8-0DB0-48E1-A784-4452B4BD0293}.Release|Any CPU.Build.0 = Release|Any CPU
		{C2FE2182-55D4-4A60-91B8-F6509ED18407}.Debug|Any CPU.ActiveCfg = Debug|Any CPU
		{C2FE2182-55D4-4A60-91B8-F6509ED18407}.Debug|Any CPU.Build.0 = Debug|Any CPU
		{C2FE2182-55D4-4A60-91B8-F6509ED18407}.Release|Any CPU.ActiveCfg = Release|Any CPU
		{C2FE2182-55D4-4A60-91B8-F6509ED18407}.Release|Any CPU.Build.0 = Release|Any CPU
		{2E6856BF-C021-497A-A4B9-CAE607526D33}.Debug|Any CPU.ActiveCfg = Debug|Any CPU
		{2E6856BF-C021-497A-A4B9-CAE607526D33}.Debug|Any CPU.Build.0 = Debug|Any CPU
		{2E6856BF-C021-497A-A4B9-CAE607526D33}.Release|Any CPU.ActiveCfg = Release|Any CPU
		{2E6856BF-C021-497A-A4B9-CAE607526D33}.Release|Any CPU.Build.0 = Release|Any CPU
		{521E0973-6B1C-4184-980D-A28225844601}.Debug|Any CPU.ActiveCfg = Debug|Any CPU
		{521E0973-6B1C-4184-980D-A28225844601}.Debug|Any CPU.Build.0 = Debug|Any CPU
		{521E0973-6B1C-4184-980D-A28225844601}.Release|Any CPU.ActiveCfg = Release|Any CPU
		{521E0973-6B1C-4184-980D-A28225844601}.Release|Any CPU.Build.0 = Release|Any CPU
		{A095CBA3-890A-469A-9874-B3CCE300441C}.Debug|Any CPU.ActiveCfg = Debug|Any CPU
		{A095CBA3-890A-469A-9874-B3CCE300441C}.Debug|Any CPU.Build.0 = Debug|Any CPU
		{A095CBA3-890A-469A-9874-B3CCE300441C}.Release|Any CPU.ActiveCfg = Release|Any CPU
		{A095CBA3-890A-469A-9874-B3CCE300441C}.Release|Any CPU.Build.0 = Release|Any CPU
		{6E01621E-2E11-4DFD-B6B5-E95287FA9B52}.Debug|Any CPU.ActiveCfg = Debug|Any CPU
		{6E01621E-2E11-4DFD-B6B5-E95287FA9B52}.Debug|Any CPU.Build.0 = Debug|Any CPU
		{6E01621E-2E11-4DFD-B6B5-E95287FA9B52}.Release|Any CPU.ActiveCfg = Release|Any CPU
		{6E01621E-2E11-4DFD-B6B5-E95287FA9B52}.Release|Any CPU.Build.0 = Release|Any CPU
		{E7C246CC-594A-416B-8989-8AE115B0D9ED}.Debug|Any CPU.ActiveCfg = Debug|Any CPU
		{E7C246CC-594A-416B-8989-8AE115B0D9ED}.Debug|Any CPU.Build.0 = Debug|Any CPU
		{E7C246CC-594A-416B-8989-8AE115B0D9ED}.Release|Any CPU.ActiveCfg = Release|Any CPU
		{E7C246CC-594A-416B-8989-8AE115B0D9ED}.Release|Any CPU.Build.0 = Release|Any CPU
		{884CFD47-3E90-428C-B01B-F0D0E01744BC}.Debug|Any CPU.ActiveCfg = Debug|Any CPU
		{884CFD47-3E90-428C-B01B-F0D0E01744BC}.Debug|Any CPU.Build.0 = Debug|Any CPU
		{884CFD47-3E90-428C-B01B-F0D0E01744BC}.Release|Any CPU.ActiveCfg = Release|Any CPU
		{884CFD47-3E90-428C-B01B-F0D0E01744BC}.Release|Any CPU.Build.0 = Release|Any CPU
		{49F63E62-44CF-43AC-96B0-A448836F6D46}.Debug|Any CPU.ActiveCfg = Debug|Any CPU
		{49F63E62-44CF-43AC-96B0-A448836F6D46}.Debug|Any CPU.Build.0 = Debug|Any CPU
		{49F63E62-44CF-43AC-96B0-A448836F6D46}.Release|Any CPU.ActiveCfg = Release|Any CPU
		{49F63E62-44CF-43AC-96B0-A448836F6D46}.Release|Any CPU.Build.0 = Release|Any CPU
		{80C05993-16AD-4004-9F7B-083E1A527660}.Debug|Any CPU.ActiveCfg = Debug|Any CPU
		{80C05993-16AD-4004-9F7B-083E1A527660}.Debug|Any CPU.Build.0 = Debug|Any CPU
		{80C05993-16AD-4004-9F7B-083E1A527660}.Release|Any CPU.ActiveCfg = Release|Any CPU
		{80C05993-16AD-4004-9F7B-083E1A527660}.Release|Any CPU.Build.0 = Release|Any CPU
		{23E84816-CE46-450E-9C44-2D28946C0665}.Debug|Any CPU.ActiveCfg = Debug|Any CPU
		{23E84816-CE46-450E-9C44-2D28946C0665}.Debug|Any CPU.Build.0 = Debug|Any CPU
		{23E84816-CE46-450E-9C44-2D28946C0665}.Release|Any CPU.ActiveCfg = Release|Any CPU
		{23E84816-CE46-450E-9C44-2D28946C0665}.Release|Any CPU.Build.0 = Release|Any CPU
		{1A8E8947-8792-4D80-8045-82A7AD4E4E5C}.Debug|Any CPU.ActiveCfg = Debug|Any CPU
		{1A8E8947-8792-4D80-8045-82A7AD4E4E5C}.Debug|Any CPU.Build.0 = Debug|Any CPU
		{1A8E8947-8792-4D80-8045-82A7AD4E4E5C}.Release|Any CPU.ActiveCfg = Release|Any CPU
		{1A8E8947-8792-4D80-8045-82A7AD4E4E5C}.Release|Any CPU.Build.0 = Release|Any CPU
		{F09F946B-7726-43F2-99CA-39DE1AF15D59}.Debug|Any CPU.ActiveCfg = Debug|Any CPU
		{F09F946B-7726-43F2-99CA-39DE1AF15D59}.Debug|Any CPU.Build.0 = Debug|Any CPU
		{F09F946B-7726-43F2-99CA-39DE1AF15D59}.Release|Any CPU.ActiveCfg = Release|Any CPU
		{F09F946B-7726-43F2-99CA-39DE1AF15D59}.Release|Any CPU.Build.0 = Release|Any CPU
		{41F59851-1EE6-493B-9A2D-A6482F6CF028}.Debug|Any CPU.ActiveCfg = Debug|Any CPU
		{41F59851-1EE6-493B-9A2D-A6482F6CF028}.Debug|Any CPU.Build.0 = Debug|Any CPU
		{41F59851-1EE6-493B-9A2D-A6482F6CF028}.Release|Any CPU.ActiveCfg = Release|Any CPU
		{41F59851-1EE6-493B-9A2D-A6482F6CF028}.Release|Any CPU.Build.0 = Release|Any CPU
		{683A3E17-8DE7-482A-8CF1-213B2974EEBA}.Debug|Any CPU.ActiveCfg = Debug|Any CPU
		{683A3E17-8DE7-482A-8CF1-213B2974EEBA}.Debug|Any CPU.Build.0 = Debug|Any CPU
		{683A3E17-8DE7-482A-8CF1-213B2974EEBA}.Release|Any CPU.ActiveCfg = Release|Any CPU
		{683A3E17-8DE7-482A-8CF1-213B2974EEBA}.Release|Any CPU.Build.0 = Release|Any CPU
		{0AA12DE2-41F0-4512-B0B2-2D0E592B4AB2}.Debug|Any CPU.ActiveCfg = Debug|Any CPU
		{0AA12DE2-41F0-4512-B0B2-2D0E592B4AB2}.Debug|Any CPU.Build.0 = Debug|Any CPU
		{0AA12DE2-41F0-4512-B0B2-2D0E592B4AB2}.Release|Any CPU.ActiveCfg = Release|Any CPU
		{0AA12DE2-41F0-4512-B0B2-2D0E592B4AB2}.Release|Any CPU.Build.0 = Release|Any CPU
		{B8CF2ECE-5A69-45C7-AD12-A3FB924698D2}.Debug|Any CPU.ActiveCfg = Debug|Any CPU
		{B8CF2ECE-5A69-45C7-AD12-A3FB924698D2}.Debug|Any CPU.Build.0 = Debug|Any CPU
		{B8CF2ECE-5A69-45C7-AD12-A3FB924698D2}.Release|Any CPU.ActiveCfg = Release|Any CPU
		{B8CF2ECE-5A69-45C7-AD12-A3FB924698D2}.Release|Any CPU.Build.0 = Release|Any CPU
		{54439419-A7FE-4847-B175-84216CF17804}.Debug|Any CPU.ActiveCfg = Debug|Any CPU
		{54439419-A7FE-4847-B175-84216CF17804}.Debug|Any CPU.Build.0 = Debug|Any CPU
		{54439419-A7FE-4847-B175-84216CF17804}.Release|Any CPU.ActiveCfg = Release|Any CPU
		{54439419-A7FE-4847-B175-84216CF17804}.Release|Any CPU.Build.0 = Release|Any CPU
		{7BA6AEBF-310D-43D4-BB58-9855CA07A73F}.Debug|Any CPU.ActiveCfg = Debug|Any CPU
		{7BA6AEBF-310D-43D4-BB58-9855CA07A73F}.Debug|Any CPU.Build.0 = Debug|Any CPU
		{7BA6AEBF-310D-43D4-BB58-9855CA07A73F}.Release|Any CPU.ActiveCfg = Release|Any CPU
		{7BA6AEBF-310D-43D4-BB58-9855CA07A73F}.Release|Any CPU.Build.0 = Release|Any CPU
		{7CC947D2-3D7E-4C7B-BF59-DC750BB32F4F}.Debug|Any CPU.ActiveCfg = Debug|Any CPU
		{7CC947D2-3D7E-4C7B-BF59-DC750BB32F4F}.Debug|Any CPU.Build.0 = Debug|Any CPU
		{7CC947D2-3D7E-4C7B-BF59-DC750BB32F4F}.Release|Any CPU.ActiveCfg = Release|Any CPU
		{7CC947D2-3D7E-4C7B-BF59-DC750BB32F4F}.Release|Any CPU.Build.0 = Release|Any CPU
		{DA00D313-C038-4A89-87C8-3D362A5B7620}.Debug|Any CPU.ActiveCfg = Debug|Any CPU
		{DA00D313-C038-4A89-87C8-3D362A5B7620}.Debug|Any CPU.Build.0 = Debug|Any CPU
		{DA00D313-C038-4A89-87C8-3D362A5B7620}.Release|Any CPU.ActiveCfg = Release|Any CPU
		{DA00D313-C038-4A89-87C8-3D362A5B7620}.Release|Any CPU.Build.0 = Release|Any CPU
		{B4EF819D-6C7E-4342-AA63-0F8F2B595626}.Debug|Any CPU.ActiveCfg = Debug|Any CPU
		{B4EF819D-6C7E-4342-AA63-0F8F2B595626}.Debug|Any CPU.Build.0 = Debug|Any CPU
		{B4EF819D-6C7E-4342-AA63-0F8F2B595626}.Release|Any CPU.ActiveCfg = Release|Any CPU
		{B4EF819D-6C7E-4342-AA63-0F8F2B595626}.Release|Any CPU.Build.0 = Release|Any CPU
		{8F244574-95F6-4D8D-8FB5-66D77785574A}.Debug|Any CPU.ActiveCfg = Debug|Any CPU
		{8F244574-95F6-4D8D-8FB5-66D77785574A}.Debug|Any CPU.Build.0 = Debug|Any CPU
		{8F244574-95F6-4D8D-8FB5-66D77785574A}.Release|Any CPU.ActiveCfg = Release|Any CPU
		{8F244574-95F6-4D8D-8FB5-66D77785574A}.Release|Any CPU.Build.0 = Release|Any CPU
		{01DA7916-37A4-4C9A-8C3E-DB542B060298}.Debug|Any CPU.ActiveCfg = Debug|Any CPU
		{01DA7916-37A4-4C9A-8C3E-DB542B060298}.Debug|Any CPU.Build.0 = Debug|Any CPU
		{01DA7916-37A4-4C9A-8C3E-DB542B060298}.Release|Any CPU.ActiveCfg = Release|Any CPU
		{01DA7916-37A4-4C9A-8C3E-DB542B060298}.Release|Any CPU.Build.0 = Release|Any CPU
		{A37D7BF3-B4B9-46D9-BC17-A3B88B2E3785}.Debug|Any CPU.ActiveCfg = Debug|Any CPU
		{A37D7BF3-B4B9-46D9-BC17-A3B88B2E3785}.Debug|Any CPU.Build.0 = Debug|Any CPU
		{A37D7BF3-B4B9-46D9-BC17-A3B88B2E3785}.Release|Any CPU.ActiveCfg = Release|Any CPU
		{A37D7BF3-B4B9-46D9-BC17-A3B88B2E3785}.Release|Any CPU.Build.0 = Release|Any CPU
		{74309385-5764-4C96-ABFF-7511DF761957}.Debug|Any CPU.ActiveCfg = Debug|Any CPU
		{74309385-5764-4C96-ABFF-7511DF761957}.Debug|Any CPU.Build.0 = Debug|Any CPU
		{74309385-5764-4C96-ABFF-7511DF761957}.Release|Any CPU.ActiveCfg = Release|Any CPU
		{74309385-5764-4C96-ABFF-7511DF761957}.Release|Any CPU.Build.0 = Release|Any CPU
		{930ABFF1-440C-47D6-A7D6-2BDE0AD3FB7B}.Debug|Any CPU.ActiveCfg = Debug|Any CPU
		{930ABFF1-440C-47D6-A7D6-2BDE0AD3FB7B}.Debug|Any CPU.Build.0 = Debug|Any CPU
		{930ABFF1-440C-47D6-A7D6-2BDE0AD3FB7B}.Release|Any CPU.ActiveCfg = Release|Any CPU
		{930ABFF1-440C-47D6-A7D6-2BDE0AD3FB7B}.Release|Any CPU.Build.0 = Release|Any CPU
		{38ECED94-F0EF-4964-A50C-0ED6F3EC0AAE}.Debug|Any CPU.ActiveCfg = Debug|Any CPU
		{38ECED94-F0EF-4964-A50C-0ED6F3EC0AAE}.Debug|Any CPU.Build.0 = Debug|Any CPU
		{38ECED94-F0EF-4964-A50C-0ED6F3EC0AAE}.Release|Any CPU.ActiveCfg = Release|Any CPU
		{38ECED94-F0EF-4964-A50C-0ED6F3EC0AAE}.Release|Any CPU.Build.0 = Release|Any CPU
		{C0F51B90-D137-4EA5-B772-2DC9E7159835}.Debug|Any CPU.ActiveCfg = Debug|Any CPU
		{C0F51B90-D137-4EA5-B772-2DC9E7159835}.Debug|Any CPU.Build.0 = Debug|Any CPU
		{C0F51B90-D137-4EA5-B772-2DC9E7159835}.Release|Any CPU.ActiveCfg = Release|Any CPU
		{C0F51B90-D137-4EA5-B772-2DC9E7159835}.Release|Any CPU.Build.0 = Release|Any CPU
		{B3B1A814-D543-418E-9389-A3C08FCBB9B9}.Debug|Any CPU.ActiveCfg = Debug|Any CPU
		{B3B1A814-D543-418E-9389-A3C08FCBB9B9}.Debug|Any CPU.Build.0 = Debug|Any CPU
		{B3B1A814-D543-418E-9389-A3C08FCBB9B9}.Release|Any CPU.ActiveCfg = Release|Any CPU
		{B3B1A814-D543-418E-9389-A3C08FCBB9B9}.Release|Any CPU.Build.0 = Release|Any CPU
		{A82EB9B5-AF96-4A4E-8701-661753719EB7}.Debug|Any CPU.ActiveCfg = Debug|Any CPU
		{A82EB9B5-AF96-4A4E-8701-661753719EB7}.Debug|Any CPU.Build.0 = Debug|Any CPU
		{A82EB9B5-AF96-4A4E-8701-661753719EB7}.Release|Any CPU.ActiveCfg = Release|Any CPU
		{A82EB9B5-AF96-4A4E-8701-661753719EB7}.Release|Any CPU.Build.0 = Release|Any CPU
		{03E41328-7AC1-45B1-A388-C03AC27F7AC9}.Debug|Any CPU.ActiveCfg = Debug|Any CPU
		{03E41328-7AC1-45B1-A388-C03AC27F7AC9}.Debug|Any CPU.Build.0 = Debug|Any CPU
		{03E41328-7AC1-45B1-A388-C03AC27F7AC9}.Release|Any CPU.ActiveCfg = Release|Any CPU
		{03E41328-7AC1-45B1-A388-C03AC27F7AC9}.Release|Any CPU.Build.0 = Release|Any CPU
		{548421E8-A7EC-46E5-81C0-C29AB962AEA6}.Debug|Any CPU.ActiveCfg = Debug|Any CPU
		{548421E8-A7EC-46E5-81C0-C29AB962AEA6}.Debug|Any CPU.Build.0 = Debug|Any CPU
		{548421E8-A7EC-46E5-81C0-C29AB962AEA6}.Release|Any CPU.ActiveCfg = Release|Any CPU
		{548421E8-A7EC-46E5-81C0-C29AB962AEA6}.Release|Any CPU.Build.0 = Release|Any CPU
		{5962BF73-F81E-459D-BC42-4194952CEA59}.Debug|Any CPU.ActiveCfg = Debug|Any CPU
		{5962BF73-F81E-459D-BC42-4194952CEA59}.Debug|Any CPU.Build.0 = Debug|Any CPU
		{5962BF73-F81E-459D-BC42-4194952CEA59}.Release|Any CPU.ActiveCfg = Release|Any CPU
		{5962BF73-F81E-459D-BC42-4194952CEA59}.Release|Any CPU.Build.0 = Release|Any CPU
		{F5948044-3DFA-4F3A-94E7-10061CCEFE96}.Debug|Any CPU.ActiveCfg = Debug|Any CPU
		{F5948044-3DFA-4F3A-94E7-10061CCEFE96}.Debug|Any CPU.Build.0 = Debug|Any CPU
		{F5948044-3DFA-4F3A-94E7-10061CCEFE96}.Release|Any CPU.ActiveCfg = Release|Any CPU
		{F5948044-3DFA-4F3A-94E7-10061CCEFE96}.Release|Any CPU.Build.0 = Release|Any CPU
		{3B2B8CCA-EF16-4EBC-AF79-7DDE4FC6B84D}.Debug|Any CPU.ActiveCfg = Debug|Any CPU
		{3B2B8CCA-EF16-4EBC-AF79-7DDE4FC6B84D}.Debug|Any CPU.Build.0 = Debug|Any CPU
		{3B2B8CCA-EF16-4EBC-AF79-7DDE4FC6B84D}.Release|Any CPU.ActiveCfg = Release|Any CPU
		{3B2B8CCA-EF16-4EBC-AF79-7DDE4FC6B84D}.Release|Any CPU.Build.0 = Release|Any CPU
		{EED2354E-9806-4685-AF77-EBBA52512A54}.Debug|Any CPU.ActiveCfg = Debug|Any CPU
		{EED2354E-9806-4685-AF77-EBBA52512A54}.Debug|Any CPU.Build.0 = Debug|Any CPU
		{EED2354E-9806-4685-AF77-EBBA52512A54}.Release|Any CPU.ActiveCfg = Release|Any CPU
		{EED2354E-9806-4685-AF77-EBBA52512A54}.Release|Any CPU.Build.0 = Release|Any CPU
		{B78230CA-F255-4517-9E37-26B863041686}.Debug|Any CPU.ActiveCfg = Debug|Any CPU
		{B78230CA-F255-4517-9E37-26B863041686}.Debug|Any CPU.Build.0 = Debug|Any CPU
		{B78230CA-F255-4517-9E37-26B863041686}.Release|Any CPU.ActiveCfg = Release|Any CPU
		{B78230CA-F255-4517-9E37-26B863041686}.Release|Any CPU.Build.0 = Release|Any CPU
		{39554B4C-412D-411B-A643-380C0D225C0A}.Debug|Any CPU.ActiveCfg = Debug|Any CPU
		{39554B4C-412D-411B-A643-380C0D225C0A}.Debug|Any CPU.Build.0 = Debug|Any CPU
		{39554B4C-412D-411B-A643-380C0D225C0A}.Release|Any CPU.ActiveCfg = Release|Any CPU
		{39554B4C-412D-411B-A643-380C0D225C0A}.Release|Any CPU.Build.0 = Release|Any CPU
		{33C9117F-205E-4AAD-83D3-A6C44796977F}.Debug|Any CPU.ActiveCfg = Debug|Any CPU
		{33C9117F-205E-4AAD-83D3-A6C44796977F}.Debug|Any CPU.Build.0 = Debug|Any CPU
		{33C9117F-205E-4AAD-83D3-A6C44796977F}.Release|Any CPU.ActiveCfg = Release|Any CPU
		{33C9117F-205E-4AAD-83D3-A6C44796977F}.Release|Any CPU.Build.0 = Release|Any CPU
		{279CBF7D-286E-42D7-93F9-80CE67F09B7C}.Debug|Any CPU.ActiveCfg = Debug|Any CPU
		{279CBF7D-286E-42D7-93F9-80CE67F09B7C}.Debug|Any CPU.Build.0 = Debug|Any CPU
		{279CBF7D-286E-42D7-93F9-80CE67F09B7C}.Release|Any CPU.ActiveCfg = Release|Any CPU
		{279CBF7D-286E-42D7-93F9-80CE67F09B7C}.Release|Any CPU.Build.0 = Release|Any CPU
		{0E3EEA00-B2FE-4342-8FA5-8F385F79DF5D}.Debug|Any CPU.ActiveCfg = Debug|Any CPU
		{0E3EEA00-B2FE-4342-8FA5-8F385F79DF5D}.Debug|Any CPU.Build.0 = Debug|Any CPU
		{0E3EEA00-B2FE-4342-8FA5-8F385F79DF5D}.Release|Any CPU.ActiveCfg = Release|Any CPU
		{0E3EEA00-B2FE-4342-8FA5-8F385F79DF5D}.Release|Any CPU.Build.0 = Release|Any CPU
	EndGlobalSection
	GlobalSection(SolutionProperties) = preSolution
		HideSolutionNode = FALSE
	EndGlobalSection
	GlobalSection(NestedProjects) = preSolution
		{E24D173D-C4DB-4752-B822-9562E0AB9FD5} = {03BD50ED-7E89-4DAE-AA86-1A88E8DE6068}
		{48913621-F281-4466-9B3C-D8A2730DAE21} = {56B55717-1005-4A8F-9EA2-6B0070A47D8F}
		{D8D5254D-565E-41A9-9F9A-152A7B0F6410} = {56B55717-1005-4A8F-9EA2-6B0070A47D8F}
		{93445D32-ADF0-4D56-987C-9631F39BECFE} = {56B55717-1005-4A8F-9EA2-6B0070A47D8F}
		{4D4A1C45-B65A-412C-81C6-CF3065910EA1} = {56B55717-1005-4A8F-9EA2-6B0070A47D8F}
		{AD00950E-B48E-41D4-8398-16EC0CC78B96} = {56B55717-1005-4A8F-9EA2-6B0070A47D8F}
		{AF72F77C-4AB0-4F6E-BAE9-522C7AA640AC} = {4103DD9D-FAC4-47D9-9933-CD1E4A0CA6FE}
		{B3FED4E9-847B-4379-B519-CCA6B5F833E8} = {4103DD9D-FAC4-47D9-9933-CD1E4A0CA6FE}
		{A36016AC-2BEF-4E7D-8866-64646B22FBE8} = {4103DD9D-FAC4-47D9-9933-CD1E4A0CA6FE}
		{A0AAA2B4-C6B8-4465-AC02-753F3C7AD923} = {4103DD9D-FAC4-47D9-9933-CD1E4A0CA6FE}
		{5AF6FCA8-DD36-481A-B997-CC8FCFD72E39} = {4103DD9D-FAC4-47D9-9933-CD1E4A0CA6FE}
		{6D551219-34F8-4C37-A56E-633D2F0E0374} = {4103DD9D-FAC4-47D9-9933-CD1E4A0CA6FE}
		{A5481851-85F3-43C9-A833-37360767A947} = {4103DD9D-FAC4-47D9-9933-CD1E4A0CA6FE}
		{7EF2D953-AE24-4991-B46F-EEECFBA764D4} = {4103DD9D-FAC4-47D9-9933-CD1E4A0CA6FE}
		{1E1438F7-950D-433C-88D9-2EF7AAFD9BF7} = {4103DD9D-FAC4-47D9-9933-CD1E4A0CA6FE}
		{1ADF1A8A-4833-482B-82DC-F8ADE8E06FFE} = {4103DD9D-FAC4-47D9-9933-CD1E4A0CA6FE}
		{0B9539CB-5AE2-4C4B-92F7-4B934570340D} = {64915964-3A30-4074-BB4D-57196751B0E1}
		{53595EF6-367F-4A7F-9497-3394435B4893} = {64915964-3A30-4074-BB4D-57196751B0E1}
		{6FD59C64-7C52-4DD4-80E3-4E1CA6FA6735} = {64915964-3A30-4074-BB4D-57196751B0E1}
		{3761C510-4B52-4D84-B02B-7AC3C859016A} = {64915964-3A30-4074-BB4D-57196751B0E1}
		{98D6F17D-EB87-4BBB-B246-6FC412E47BA1} = {64915964-3A30-4074-BB4D-57196751B0E1}
		{399E84AD-6FB4-4AC4-A114-421F8024D2BF} = {64915964-3A30-4074-BB4D-57196751B0E1}
		{04FC5110-9702-44BB-A70F-C6CFD9A20EAA} = {64915964-3A30-4074-BB4D-57196751B0E1}
		{DB46BAD8-0DB0-48E1-A784-4452B4BD0293} = {64915964-3A30-4074-BB4D-57196751B0E1}
		{C2FE2182-55D4-4A60-91B8-F6509ED18407} = {64915964-3A30-4074-BB4D-57196751B0E1}
		{2E6856BF-C021-497A-A4B9-CAE607526D33} = {8305E8B6-D95B-4A5B-BA09-37998823557E}
		{521E0973-6B1C-4184-980D-A28225844601} = {8305E8B6-D95B-4A5B-BA09-37998823557E}
		{A095CBA3-890A-469A-9874-B3CCE300441C} = {8305E8B6-D95B-4A5B-BA09-37998823557E}
		{6E01621E-2E11-4DFD-B6B5-E95287FA9B52} = {8305E8B6-D95B-4A5B-BA09-37998823557E}
		{E7C246CC-594A-416B-8989-8AE115B0D9ED} = {8305E8B6-D95B-4A5B-BA09-37998823557E}
		{884CFD47-3E90-428C-B01B-F0D0E01744BC} = {8305E8B6-D95B-4A5B-BA09-37998823557E}
		{49F63E62-44CF-43AC-96B0-A448836F6D46} = {8305E8B6-D95B-4A5B-BA09-37998823557E}
		{80C05993-16AD-4004-9F7B-083E1A527660} = {8305E8B6-D95B-4A5B-BA09-37998823557E}
		{23E84816-CE46-450E-9C44-2D28946C0665} = {8305E8B6-D95B-4A5B-BA09-37998823557E}
		{1A8E8947-8792-4D80-8045-82A7AD4E4E5C} = {8305E8B6-D95B-4A5B-BA09-37998823557E}
		{F09F946B-7726-43F2-99CA-39DE1AF15D59} = {8305E8B6-D95B-4A5B-BA09-37998823557E}
		{41F59851-1EE6-493B-9A2D-A6482F6CF028} = {8305E8B6-D95B-4A5B-BA09-37998823557E}
		{683A3E17-8DE7-482A-8CF1-213B2974EEBA} = {8305E8B6-D95B-4A5B-BA09-37998823557E}
		{0AA12DE2-41F0-4512-B0B2-2D0E592B4AB2} = {8305E8B6-D95B-4A5B-BA09-37998823557E}
		{B8CF2ECE-5A69-45C7-AD12-A3FB924698D2} = {8305E8B6-D95B-4A5B-BA09-37998823557E}
		{54439419-A7FE-4847-B175-84216CF17804} = {8305E8B6-D95B-4A5B-BA09-37998823557E}
		{7BA6AEBF-310D-43D4-BB58-9855CA07A73F} = {8305E8B6-D95B-4A5B-BA09-37998823557E}
		{7CC947D2-3D7E-4C7B-BF59-DC750BB32F4F} = {8305E8B6-D95B-4A5B-BA09-37998823557E}
		{DA00D313-C038-4A89-87C8-3D362A5B7620} = {411708E8-4BB6-4144-9775-3FAA426D8219}
		{B4EF819D-6C7E-4342-AA63-0F8F2B595626} = {411708E8-4BB6-4144-9775-3FAA426D8219}
		{8F244574-95F6-4D8D-8FB5-66D77785574A} = {411708E8-4BB6-4144-9775-3FAA426D8219}
		{01DA7916-37A4-4C9A-8C3E-DB542B060298} = {411708E8-4BB6-4144-9775-3FAA426D8219}
		{A37D7BF3-B4B9-46D9-BC17-A3B88B2E3785} = {411708E8-4BB6-4144-9775-3FAA426D8219}
		{74309385-5764-4C96-ABFF-7511DF761957} = {411708E8-4BB6-4144-9775-3FAA426D8219}
		{930ABFF1-440C-47D6-A7D6-2BDE0AD3FB7B} = {411708E8-4BB6-4144-9775-3FAA426D8219}
		{38ECED94-F0EF-4964-A50C-0ED6F3EC0AAE} = {411708E8-4BB6-4144-9775-3FAA426D8219}
		{C0F51B90-D137-4EA5-B772-2DC9E7159835} = {64B8C66B-F40A-4C9E-BB23-6FC5DA296D6F}
		{B3B1A814-D543-418E-9389-A3C08FCBB9B9} = {64B8C66B-F40A-4C9E-BB23-6FC5DA296D6F}
		{A82EB9B5-AF96-4A4E-8701-661753719EB7} = {64B8C66B-F40A-4C9E-BB23-6FC5DA296D6F}
		{03E41328-7AC1-45B1-A388-C03AC27F7AC9} = {64B8C66B-F40A-4C9E-BB23-6FC5DA296D6F}
		{548421E8-A7EC-46E5-81C0-C29AB962AEA6} = {64B8C66B-F40A-4C9E-BB23-6FC5DA296D6F}
		{5962BF73-F81E-459D-BC42-4194952CEA59} = {64B8C66B-F40A-4C9E-BB23-6FC5DA296D6F}
		{F5948044-3DFA-4F3A-94E7-10061CCEFE96} = {64B8C66B-F40A-4C9E-BB23-6FC5DA296D6F}
		{3B2B8CCA-EF16-4EBC-AF79-7DDE4FC6B84D} = {64B8C66B-F40A-4C9E-BB23-6FC5DA296D6F}
		{EED2354E-9806-4685-AF77-EBBA52512A54} = {64B8C66B-F40A-4C9E-BB23-6FC5DA296D6F}
		{B78230CA-F255-4517-9E37-26B863041686} = {64B8C66B-F40A-4C9E-BB23-6FC5DA296D6F}
		{39554B4C-412D-411B-A643-380C0D225C0A} = {64B8C66B-F40A-4C9E-BB23-6FC5DA296D6F}
		{33C9117F-205E-4AAD-83D3-A6C44796977F} = {64B8C66B-F40A-4C9E-BB23-6FC5DA296D6F}
		{279CBF7D-286E-42D7-93F9-80CE67F09B7C} = {199DDBE4-BFEC-486A-840F-ACC32137258A}
		{0E3EEA00-B2FE-4342-8FA5-8F385F79DF5D} = {199DDBE4-BFEC-486A-840F-ACC32137258A}
	EndGlobalSection
	GlobalSection(ExtensibilityGlobals) = postSolution
		SolutionGuid = {DD70CAC4-6242-4798-B5B8-364056F696F7}
	EndGlobalSection
EndGlobal
