
Microsoft Visual Studio Solution File, Format Version 12.00
# Visual Studio Version 17
VisualStudioVersion = 17.5.002.0
MinimumVisualStudioVersion = 10.0.40219.1
Project("{9A19103F-16F7-4668-BE54-9A1E7A4F7556}") = "2ejercicio2", "2ejercicio2\2ejercicio2.csproj", "{39F89D5A-57B8-43ED-9DC8-7CD1C9F2E219}"
EndProject
Project("{9A19103F-16F7-4668-BE54-9A1E7A4F7556}") = "calculadora", "calculadora\calculadora.csproj", "{6BD2B5BB-53EF-41ED-8671-ABD3CF700286}"
EndProject
Project("{9A19103F-16F7-4668-BE54-9A1E7A4F7556}") = "primer-programa", "primer-programa\primer-programa.csproj", "{5166A1AA-04D3-4EFA-95C2-8832B55A3B5E}"
EndProject
Global
	GlobalSection(SolutionConfigurationPlatforms) = preSolution
		Debug|Any CPU = Debug|Any CPU
		Release|Any CPU = Release|Any CPU
	EndGlobalSection
	GlobalSection(ProjectConfigurationPlatforms) = postSolution
		{39F89D5A-57B8-43ED-9DC8-7CD1C9F2E219}.Debug|Any CPU.ActiveCfg = Debug|Any CPU
		{39F89D5A-57B8-43ED-9DC8-7CD1C9F2E219}.Debug|Any CPU.Build.0 = Debug|Any CPU
		{39F89D5A-57B8-43ED-9DC8-7CD1C9F2E219}.Release|Any CPU.ActiveCfg = Release|Any CPU
		{39F89D5A-57B8-43ED-9DC8-7CD1C9F2E219}.Release|Any CPU.Build.0 = Release|Any CPU
		{6BD2B5BB-53EF-41ED-8671-ABD3CF700286}.Debug|Any CPU.ActiveCfg = Debug|Any CPU
		{6BD2B5BB-53EF-41ED-8671-ABD3CF700286}.Debug|Any CPU.Build.0 = Debug|Any CPU
		{6BD2B5BB-53EF-41ED-8671-ABD3CF700286}.Release|Any CPU.ActiveCfg = Release|Any CPU
		{6BD2B5BB-53EF-41ED-8671-ABD3CF700286}.Release|Any CPU.Build.0 = Release|Any CPU
		{5166A1AA-04D3-4EFA-95C2-8832B55A3B5E}.Debug|Any CPU.ActiveCfg = Debug|Any CPU
		{5166A1AA-04D3-4EFA-95C2-8832B55A3B5E}.Debug|Any CPU.Build.0 = Debug|Any CPU
		{5166A1AA-04D3-4EFA-95C2-8832B55A3B5E}.Release|Any CPU.ActiveCfg = Release|Any CPU
		{5166A1AA-04D3-4EFA-95C2-8832B55A3B5E}.Release|Any CPU.Build.0 = Release|Any CPU
	EndGlobalSection
	GlobalSection(SolutionProperties) = preSolution
		HideSolutionNode = FALSE
	EndGlobalSection
	GlobalSection(ExtensibilityGlobals) = postSolution
		SolutionGuid = {386152D4-2D28-4D2E-8213-39A5BCCCB5BE}
	EndGlobalSection
EndGlobal
